
Microsoft Visual Studio Solution File, Format Version 12.00
# Visual Studio Version 16
VisualStudioVersion = 25.0.1703.2
MinimumVisualStudioVersion = 10.0.40219.1
Project("{FAE04EC0-301F-11D3-BF4B-00C04F79EFBC}") = "carsabm", "carsabm\carsabm.csproj", "{F0470D41-5D08-4A95-859A-90ABABE735A4}"
EndProject
Global
	GlobalSection(SolutionConfigurationPlatforms) = preSolution
		Debug|Any CPU = Debug|Any CPU
		Release|Any CPU = Release|Any CPU
	EndGlobalSection
	GlobalSection(ProjectConfigurationPlatforms) = postSolution
		{F0470D41-5D08-4A95-859A-90ABABE735A4}.Debug|Any CPU.ActiveCfg = Debug|Any CPU
		{F0470D41-5D08-4A95-859A-90ABABE735A4}.Debug|Any CPU.Build.0 = Debug|Any CPU
		{F0470D41-5D08-4A95-859A-90ABABE735A4}.Release|Any CPU.ActiveCfg = Release|Any CPU
		{F0470D41-5D08-4A95-859A-90ABABE735A4}.Release|Any CPU.Build.0 = Release|Any CPU
	EndGlobalSection
	GlobalSection(SolutionProperties) = preSolution
		HideSolutionNode = FALSE
	EndGlobalSection
	GlobalSection(ExtensibilityGlobals) = postSolution
		SolutionGuid = {B8330347-57D4-4A45-991B-B4B37F12232E}
	EndGlobalSection
EndGlobal
